// !$*UTF8*$!
{
	archiveVersion = 1;
	classes = {
	};
	objectVersion = 50;
	objects = {

/* Begin PBXBuildFile section */
		3E06841E230BE271002F7BB7 /* WebAssets in Resources */ = {isa = PBXBuildFile; fileRef = 3E068419230BE270002F7BB7 /* WebAssets */; };
		3E113E7D230E8DF2001E2AEB /* CustomColor.swift in Sources */ = {isa = PBXBuildFile; fileRef = 3E113E7C230E8DF2001E2AEB /* CustomColor.swift */; };
		3E4A674E23693AD600B57F30 /* CustomViewUtil.swift in Sources */ = {isa = PBXBuildFile; fileRef = 3E4A674D23693AD600B57F30 /* CustomViewUtil.swift */; };
		3E5A6B5323068EBE00B9D674 /* DLReaderView.swift in Sources */ = {isa = PBXBuildFile; fileRef = 3E5A6B4E23068EBE00B9D674 /* DLReaderView.swift */; };
		3E5A6B57230691D900B9D674 /* DLReaderViewController.swift in Sources */ = {isa = PBXBuildFile; fileRef = 3E5A6B56230691D800B9D674 /* DLReaderViewController.swift */; };
		3ECCFC412306AF7C00855D56 /* WebViewController.swift in Sources */ = {isa = PBXBuildFile; fileRef = 3ECCFC402306AF7C00855D56 /* WebViewController.swift */; };
		FB6B993C2344C5EA0038E93A /* libjeid.framework in Frameworks */ = {isa = PBXBuildFile; fileRef = FB6B993A2344C5750038E93A /* libjeid.framework */; };
		FBB68B3822F4267A00042971 /* AppDelegate.swift in Sources */ = {isa = PBXBuildFile; fileRef = FBB68B3722F4267A00042971 /* AppDelegate.swift */; };
		FBB68B3A22F4267A00042971 /* SceneDelegate.swift in Sources */ = {isa = PBXBuildFile; fileRef = FBB68B3922F4267A00042971 /* SceneDelegate.swift */; };
		FBB68B3C22F4267A00042971 /* MainViewController.swift in Sources */ = {isa = PBXBuildFile; fileRef = FBB68B3B22F4267A00042971 /* MainViewController.swift */; };
		FBB68B4122F4267B00042971 /* Assets.xcassets in Resources */ = {isa = PBXBuildFile; fileRef = FBB68B4022F4267B00042971 /* Assets.xcassets */; };
		FBB68B4422F4267B00042971 /* LaunchScreen.storyboard in Resources */ = {isa = PBXBuildFile; fileRef = FBB68B4222F4267B00042971 /* LaunchScreen.storyboard */; };
		FBB68B4E22F43BB700042971 /* MainView.swift in Sources */ = {isa = PBXBuildFile; fileRef = FBB68B4D22F43BB700042971 /* MainView.swift */; };
/* End PBXBuildFile section */

/* Begin PBXCopyFilesBuildPhase section */
		FB481A0B22F459DD003865D3 /* Embed Frameworks */ = {
			isa = PBXCopyFilesBuildPhase;
			buildActionMask = 2147483647;
			dstPath = "";
			dstSubfolderSpec = 10;
			files = (
			);
			name = "Embed Frameworks";
			runOnlyForDeploymentPostprocessing = 0;
		};
/* End PBXCopyFilesBuildPhase section */

/* Begin PBXFileReference section */
		3E068419230BE270002F7BB7 /* WebAssets */ = {isa = PBXFileReference; lastKnownFileType = folder; path = WebAssets; sourceTree = "<group>"; };
		3E113E7C230E8DF2001E2AEB /* CustomColor.swift */ = {isa = PBXFileReference; fileEncoding = 4; lastKnownFileType = sourcecode.swift; path = CustomColor.swift; sourceTree = "<group>"; };
		3E4A674D23693AD600B57F30 /* CustomViewUtil.swift */ = {isa = PBXFileReference; fileEncoding = 4; lastKnownFileType = sourcecode.swift; path = CustomViewUtil.swift; sourceTree = "<group>"; };
		3E5A6B4E23068EBE00B9D674 /* DLReaderView.swift */ = {isa = PBXFileReference; fileEncoding = 4; lastKnownFileType = sourcecode.swift; path = DLReaderView.swift; sourceTree = "<group>"; };
		3E5A6B56230691D800B9D674 /* DLReaderViewController.swift */ = {isa = PBXFileReference; fileEncoding = 4; lastKnownFileType = sourcecode.swift; path = DLReaderViewController.swift; sourceTree = "<group>"; };
		3ECCFC402306AF7C00855D56 /* WebViewController.swift */ = {isa = PBXFileReference; fileEncoding = 4; lastKnownFileType = sourcecode.swift; path = WebViewController.swift; sourceTree = "<group>"; };
		FB481A0C22F45ACC003865D3 /* jeidreader.entitlements */ = {isa = PBXFileReference; lastKnownFileType = text.plist.entitlements; path = jeidreader.entitlements; sourceTree = "<group>"; };
		FB6B993A2344C5750038E93A /* libjeid.framework */ = {isa = PBXFileReference; lastKnownFileType = wrapper.framework; path = libjeid.framework; sourceTree = "<group>"; };
		FBB68B3422F4267A00042971 /* jeidreader.app */ = {isa = PBXFileReference; explicitFileType = wrapper.application; includeInIndex = 0; path = jeidreader.app; sourceTree = BUILT_PRODUCTS_DIR; };
		FBB68B3722F4267A00042971 /* AppDelegate.swift */ = {isa = PBXFileReference; lastKnownFileType = sourcecode.swift; path = AppDelegate.swift; sourceTree = "<group>"; };
		FBB68B3922F4267A00042971 /* SceneDelegate.swift */ = {isa = PBXFileReference; lastKnownFileType = sourcecode.swift; path = SceneDelegate.swift; sourceTree = "<group>"; };
		FBB68B3B22F4267A00042971 /* MainViewController.swift */ = {isa = PBXFileReference; lastKnownFileType = sourcecode.swift; path = MainViewController.swift; sourceTree = "<group>"; };
		FBB68B4022F4267B00042971 /* Assets.xcassets */ = {isa = PBXFileReference; lastKnownFileType = folder.assetcatalog; path = Assets.xcassets; sourceTree = "<group>"; };
		FBB68B4322F4267B00042971 /* Base */ = {isa = PBXFileReference; lastKnownFileType = file.storyboard; name = Base; path = Base.lproj/LaunchScreen.storyboard; sourceTree = "<group>"; };
		FBB68B4522F4267B00042971 /* Info.plist */ = {isa = PBXFileReference; lastKnownFileType = text.plist.xml; path = Info.plist; sourceTree = "<group>"; };
		FBB68B4D22F43BB700042971 /* MainView.swift */ = {isa = PBXFileReference; lastKnownFileType = sourcecode.swift; path = MainView.swift; sourceTree = "<group>"; };
/* End PBXFileReference section */

/* Begin PBXFrameworksBuildPhase section */
		FBB68B3122F4267A00042971 /* Frameworks */ = {
			isa = PBXFrameworksBuildPhase;
			buildActionMask = 2147483647;
			files = (
				FB6B993C2344C5EA0038E93A /* libjeid.framework in Frameworks */,
			);
			runOnlyForDeploymentPostprocessing = 0;
		};
/* End PBXFrameworksBuildPhase section */

/* Begin PBXGroup section */
		FB6B99372344C5080038E93A /* Frameworks */ = {
			isa = PBXGroup;
			children = (
				FB6B993A2344C5750038E93A /* libjeid.framework */,
			);
			path = Frameworks;
			sourceTree = "<group>";
		};
		FBB68B2B22F4267A00042971 = {
			isa = PBXGroup;
			children = (
				FB481A0C22F45ACC003865D3 /* jeidreader.entitlements */,
				FBB68B3622F4267A00042971 /* app */,
				FBB68B3522F4267A00042971 /* Products */,
				FB6B99372344C5080038E93A /* Frameworks */,
			);
			sourceTree = "<group>";
		};
		FBB68B3522F4267A00042971 /* Products */ = {
			isa = PBXGroup;
			children = (
				FBB68B3422F4267A00042971 /* jeidreader.app */,
			);
			name = Products;
			sourceTree = "<group>";
		};
		FBB68B3622F4267A00042971 /* app */ = {
			isa = PBXGroup;
			children = (
				FBB68B3722F4267A00042971 /* AppDelegate.swift */,
				FBB68B3922F4267A00042971 /* SceneDelegate.swift */,
				FBB68B4D22F43BB700042971 /* MainView.swift */,
				3E4A674D23693AD600B57F30 /* CustomViewUtil.swift */,
				FBB68B3B22F4267A00042971 /* MainViewController.swift */,
				3E5A6B4E23068EBE00B9D674 /* DLReaderView.swift */,
				3E5A6B56230691D800B9D674 /* DLReaderViewController.swift */,
				3ECCFC402306AF7C00855D56 /* WebViewController.swift */,
				3E113E7C230E8DF2001E2AEB /* CustomColor.swift */,
				FBB68B4022F4267B00042971 /* Assets.xcassets */,
				3E068419230BE270002F7BB7 /* WebAssets */,
				FBB68B4222F4267B00042971 /* LaunchScreen.storyboard */,
				FBB68B4522F4267B00042971 /* Info.plist */,
			);
			path = app;
			sourceTree = "<group>";
		};
/* End PBXGroup section */

/* Begin PBXNativeTarget section */
		FBB68B3322F4267A00042971 /* jeidreader */ = {
			isa = PBXNativeTarget;
			buildConfigurationList = FBB68B4822F4267B00042971 /* Build configuration list for PBXNativeTarget "jeidreader" */;
			buildPhases = (
				FBB68B3022F4267A00042971 /* Sources */,
				FBB68B3122F4267A00042971 /* Frameworks */,
				FBB68B3222F4267A00042971 /* Resources */,
				FB481A0B22F459DD003865D3 /* Embed Frameworks */,
			);
			buildRules = (
			);
			dependencies = (
			);
			name = jeidreader;
			productName = jeidreader;
			productReference = FBB68B3422F4267A00042971 /* jeidreader.app */;
			productType = "com.apple.product-type.application";
		};
/* End PBXNativeTarget section */

/* Begin PBXProject section */
		FBB68B2C22F4267A00042971 /* Project object */ = {
			isa = PBXProject;
			attributes = {
				LastSwiftUpdateCheck = 1100;
				LastUpgradeCheck = 1100;
				ORGANIZATIONNAME = "HAMANO Tsukasa";
				TargetAttributes = {
					FBB68B3322F4267A00042971 = {
						CreatedOnToolsVersion = 11.0;
					};
				};
			};
			buildConfigurationList = FBB68B2F22F4267A00042971 /* Build configuration list for PBXProject "jeidreader" */;
			compatibilityVersion = "Xcode 9.3";
			developmentRegion = en;
			hasScannedForEncodings = 0;
			knownRegions = (
				en,
				Base,
			);
			mainGroup = FBB68B2B22F4267A00042971;
			productRefGroup = FBB68B3522F4267A00042971 /* Products */;
			projectDirPath = "";
			projectRoot = "";
			targets = (
				FBB68B3322F4267A00042971 /* jeidreader */,
			);
		};
/* End PBXProject section */

/* Begin PBXResourcesBuildPhase section */
		FBB68B3222F4267A00042971 /* Resources */ = {
			isa = PBXResourcesBuildPhase;
			buildActionMask = 2147483647;
			files = (
				3E06841E230BE271002F7BB7 /* WebAssets in Resources */,
				FBB68B4422F4267B00042971 /* LaunchScreen.storyboard in Resources */,
				FBB68B4122F4267B00042971 /* Assets.xcassets in Resources */,
			);
			runOnlyForDeploymentPostprocessing = 0;
		};
/* End PBXResourcesBuildPhase section */

/* Begin PBXSourcesBuildPhase section */
		FBB68B3022F4267A00042971 /* Sources */ = {
			isa = PBXSourcesBuildPhase;
			buildActionMask = 2147483647;
			files = (
				FBB68B3C22F4267A00042971 /* MainViewController.swift in Sources */,
				3E4A674E23693AD600B57F30 /* CustomViewUtil.swift in Sources */,
				3E5A6B57230691D900B9D674 /* DLReaderViewController.swift in Sources */,
				3ECCFC412306AF7C00855D56 /* WebViewController.swift in Sources */,
				FBB68B4E22F43BB700042971 /* MainView.swift in Sources */,
				3E5A6B5323068EBE00B9D674 /* DLReaderView.swift in Sources */,
				FBB68B3822F4267A00042971 /* AppDelegate.swift in Sources */,
				3E113E7D230E8DF2001E2AEB /* CustomColor.swift in Sources */,
				FBB68B3A22F4267A00042971 /* SceneDelegate.swift in Sources */,
			);
			runOnlyForDeploymentPostprocessing = 0;
		};
/* End PBXSourcesBuildPhase section */

/* Begin PBXVariantGroup section */
		FBB68B4222F4267B00042971 /* LaunchScreen.storyboard */ = {
			isa = PBXVariantGroup;
			children = (
				FBB68B4322F4267B00042971 /* Base */,
			);
			name = LaunchScreen.storyboard;
			sourceTree = "<group>";
		};
/* End PBXVariantGroup section */

/* Begin XCBuildConfiguration section */
		FBB68B4622F4267B00042971 /* Debug */ = {
			isa = XCBuildConfiguration;
			buildSettings = {
				ALWAYS_SEARCH_USER_PATHS = NO;
				CLANG_ANALYZER_NONNULL = YES;
				CLANG_ANALYZER_NUMBER_OBJECT_CONVERSION = YES_AGGRESSIVE;
				CLANG_CXX_LANGUAGE_STANDARD = "gnu++14";
				CLANG_CXX_LIBRARY = "libc++";
				CLANG_ENABLE_MODULES = YES;
				CLANG_ENABLE_OBJC_ARC = YES;
				CLANG_ENABLE_OBJC_WEAK = YES;
				CLANG_WARN_BLOCK_CAPTURE_AUTORELEASING = YES;
				CLANG_WARN_BOOL_CONVERSION = YES;
				CLANG_WARN_COMMA = YES;
				CLANG_WARN_CONSTANT_CONVERSION = YES;
				CLANG_WARN_DEPRECATED_OBJC_IMPLEMENTATIONS = YES;
				CLANG_WARN_DIRECT_OBJC_ISA_USAGE = YES_ERROR;
				CLANG_WARN_DOCUMENTATION_COMMENTS = YES;
				CLANG_WARN_EMPTY_BODY = YES;
				CLANG_WARN_ENUM_CONVERSION = YES;
				CLANG_WARN_INFINITE_RECURSION = YES;
				CLANG_WARN_INT_CONVERSION = YES;
				CLANG_WARN_NON_LITERAL_NULL_CONVERSION = YES;
				CLANG_WARN_OBJC_IMPLICIT_RETAIN_SELF = YES;
				CLANG_WARN_OBJC_LITERAL_CONVERSION = YES;
				CLANG_WARN_OBJC_ROOT_CLASS = YES_ERROR;
				CLANG_WARN_RANGE_LOOP_ANALYSIS = YES;
				CLANG_WARN_STRICT_PROTOTYPES = YES;
				CLANG_WARN_SUSPICIOUS_MOVE = YES;
				CLANG_WARN_UNGUARDED_AVAILABILITY = YES_AGGRESSIVE;
				CLANG_WARN_UNREACHABLE_CODE = YES;
				CLANG_WARN__DUPLICATE_METHOD_MATCH = YES;
				COPY_PHASE_STRIP = NO;
				DEBUG_INFORMATION_FORMAT = dwarf;
				ENABLE_STRICT_OBJC_MSGSEND = YES;
				ENABLE_TESTABILITY = YES;
				GCC_C_LANGUAGE_STANDARD = gnu11;
				GCC_DYNAMIC_NO_PIC = NO;
				GCC_NO_COMMON_BLOCKS = YES;
				GCC_OPTIMIZATION_LEVEL = 0;
				GCC_PREPROCESSOR_DEFINITIONS = (
					"DEBUG=1",
					"$(inherited)",
				);
				GCC_WARN_64_TO_32_BIT_CONVERSION = YES;
				GCC_WARN_ABOUT_RETURN_TYPE = YES_ERROR;
				GCC_WARN_UNDECLARED_SELECTOR = YES;
				GCC_WARN_UNINITIALIZED_AUTOS = YES_AGGRESSIVE;
				GCC_WARN_UNUSED_FUNCTION = YES;
				GCC_WARN_UNUSED_VARIABLE = YES;
				IPHONEOS_DEPLOYMENT_TARGET = 13.0;
				MTL_ENABLE_DEBUG_INFO = INCLUDE_SOURCE;
				MTL_FAST_MATH = YES;
				ONLY_ACTIVE_ARCH = YES;
				SDKROOT = iphoneos;
				SWIFT_ACTIVE_COMPILATION_CONDITIONS = DEBUG;
				SWIFT_OPTIMIZATION_LEVEL = "-Onone";
			};
			name = Debug;
		};
		FBB68B4722F4267B00042971 /* Release */ = {
			isa = XCBuildConfiguration;
			buildSettings = {
				ALWAYS_SEARCH_USER_PATHS = NO;
				CLANG_ANALYZER_NONNULL = YES;
				CLANG_ANALYZER_NUMBER_OBJECT_CONVERSION = YES_AGGRESSIVE;
				CLANG_CXX_LANGUAGE_STANDARD = "gnu++14";
				CLANG_CXX_LIBRARY = "libc++";
				CLANG_ENABLE_MODULES = YES;
				CLANG_ENABLE_OBJC_ARC = YES;
				CLANG_ENABLE_OBJC_WEAK = YES;
				CLANG_WARN_BLOCK_CAPTURE_AUTORELEASING = YES;
				CLANG_WARN_BOOL_CONVERSION = YES;
				CLANG_WARN_COMMA = YES;
				CLANG_WARN_CONSTANT_CONVERSION = YES;
				CLANG_WARN_DEPRECATED_OBJC_IMPLEMENTATIONS = YES;
				CLANG_WARN_DIRECT_OBJC_ISA_USAGE = YES_ERROR;
				CLANG_WARN_DOCUMENTATION_COMMENTS = YES;
				CLANG_WARN_EMPTY_BODY = YES;
				CLANG_WARN_ENUM_CONVERSION = YES;
				CLANG_WARN_INFINITE_RECURSION = YES;
				CLANG_WARN_INT_CONVERSION = YES;
				CLANG_WARN_NON_LITERAL_NULL_CONVERSION = YES;
				CLANG_WARN_OBJC_IMPLICIT_RETAIN_SELF = YES;
				CLANG_WARN_OBJC_LITERAL_CONVERSION = YES;
				CLANG_WARN_OBJC_ROOT_CLASS = YES_ERROR;
				CLANG_WARN_RANGE_LOOP_ANALYSIS = YES;
				CLANG_WARN_STRICT_PROTOTYPES = YES;
				CLANG_WARN_SUSPICIOUS_MOVE = YES;
				CLANG_WARN_UNGUARDED_AVAILABILITY = YES_AGGRESSIVE;
				CLANG_WARN_UNREACHABLE_CODE = YES;
				CLANG_WARN__DUPLICATE_METHOD_MATCH = YES;
				COPY_PHASE_STRIP = NO;
				DEBUG_INFORMATION_FORMAT = "dwarf-with-dsym";
				ENABLE_NS_ASSERTIONS = NO;
				ENABLE_STRICT_OBJC_MSGSEND = YES;
				GCC_C_LANGUAGE_STANDARD = gnu11;
				GCC_NO_COMMON_BLOCKS = YES;
				GCC_WARN_64_TO_32_BIT_CONVERSION = YES;
				GCC_WARN_ABOUT_RETURN_TYPE = YES_ERROR;
				GCC_WARN_UNDECLARED_SELECTOR = YES;
				GCC_WARN_UNINITIALIZED_AUTOS = YES_AGGRESSIVE;
				GCC_WARN_UNUSED_FUNCTION = YES;
				GCC_WARN_UNUSED_VARIABLE = YES;
				IPHONEOS_DEPLOYMENT_TARGET = 13.0;
				MTL_ENABLE_DEBUG_INFO = NO;
				MTL_FAST_MATH = YES;
				SDKROOT = iphoneos;
				SWIFT_COMPILATION_MODE = wholemodule;
				SWIFT_OPTIMIZATION_LEVEL = "-O";
				VALIDATE_PRODUCT = YES;
			};
			name = Release;
		};
		FBB68B4922F4267B00042971 /* Debug */ = {
			isa = XCBuildConfiguration;
			buildSettings = {
				ASSETCATALOG_COMPILER_APPICON_NAME = AppIcon;
				CODE_SIGN_ENTITLEMENTS = jeidreader.entitlements;
				CODE_SIGN_STYLE = Automatic;
				CURRENT_PROJECT_VERSION = 1.0.1;
				DEVELOPMENT_TEAM = FC89S46DN3;
				FRAMEWORK_SEARCH_PATHS = (
					"$(inherited)",
					"$(PROJECT_DIR)/Frameworks",
				);
				INFOPLIST_FILE = app/Info.plist;
				LD_RUNPATH_SEARCH_PATHS = (
					"$(inherited)",
					"@executable_path/Frameworks",
				);
				MARKETING_VERSION = 1.0.1;
				PRODUCT_BUNDLE_IDENTIFIER = jp.co.osstech.jeidreader;
				PRODUCT_NAME = "$(TARGET_NAME)";
				SWIFT_VERSION = 5.0;
				TARGETED_DEVICE_FAMILY = "1,2";
			};
			name = Debug;
		};
		FBB68B4A22F4267B00042971 /* Release */ = {
			isa = XCBuildConfiguration;
			buildSettings = {
				ASSETCATALOG_COMPILER_APPICON_NAME = AppIcon;
				CODE_SIGN_ENTITLEMENTS = jeidreader.entitlements;
				CODE_SIGN_STYLE = Automatic;
				CURRENT_PROJECT_VERSION = 1.0.1;
				DEVELOPMENT_TEAM = FC89S46DN3;
				FRAMEWORK_SEARCH_PATHS = (
					"$(inherited)",
					"$(PROJECT_DIR)/Frameworks",
				);
				INFOPLIST_FILE = app/Info.plist;
				LD_RUNPATH_SEARCH_PATHS = (
					"$(inherited)",
					"@executable_path/Frameworks",
				);
				MARKETING_VERSION = 1.0.1;
				PRODUCT_BUNDLE_IDENTIFIER = jp.co.osstech.jeidreader;
				PRODUCT_NAME = "$(TARGET_NAME)";
				SWIFT_VERSION = 5.0;
				TARGETED_DEVICE_FAMILY = "1,2";
			};
			name = Release;
		};
/* End XCBuildConfiguration section */

/* Begin XCConfigurationList section */
		FBB68B2F22F4267A00042971 /* Build configuration list for PBXProject "jeidreader" */ = {
			isa = XCConfigurationList;
			buildConfigurations = (
				FBB68B4622F4267B00042971 /* Debug */,
				FBB68B4722F4267B00042971 /* Release */,
			);
			defaultConfigurationIsVisible = 0;
			defaultConfigurationName = Release;
		};
		FBB68B4822F4267B00042971 /* Build configuration list for PBXNativeTarget "jeidreader" */ = {
			isa = XCConfigurationList;
			buildConfigurations = (
				FBB68B4922F4267B00042971 /* Debug */,
				FBB68B4A22F4267B00042971 /* Release */,
			);
			defaultConfigurationIsVisible = 0;
			defaultConfigurationName = Release;
		};
/* End XCConfigurationList section */
	};
	rootObject = FBB68B2C22F4267A00042971 /* Project object */;
}
